
Microsoft Visual Studio Solution File, Format Version 12.00
# Visual Studio Version 17
VisualStudioVersion = 17.4.33213.308
MinimumVisualStudioVersion = 10.0.40219.1
Project("{9A19103F-16F7-4668-BE54-9A1E7A4F7556}") = "aviatask", "aviatask\aviatask.csproj", "{6ADE6F00-E46C-4111-807A-B6C6738F076A}"
EndProject
Global
	GlobalSection(SolutionConfigurationPlatforms) = preSolution
		Debug|Any CPU = Debug|Any CPU
		Debug|x64 = Debug|x64
		Release|Any CPU = Release|Any CPU
		Release|x64 = Release|x64
	EndGlobalSection
	GlobalSection(ProjectConfigurationPlatforms) = postSolution
		{6ADE6F00-E46C-4111-807A-B6C6738F076A}.Debug|Any CPU.ActiveCfg = Debug|Any CPU
		{6ADE6F00-E46C-4111-807A-B6C6738F076A}.Debug|Any CPU.Build.0 = Debug|Any CPU
		{6ADE6F00-E46C-4111-807A-B6C6738F076A}.Debug|x64.ActiveCfg = Debug|Any CPU
		{6ADE6F00-E46C-4111-807A-B6C6738F076A}.Debug|x64.Build.0 = Debug|Any CPU
		{6ADE6F00-E46C-4111-807A-B6C6738F076A}.Release|Any CPU.ActiveCfg = Release|Any CPU
		{6ADE6F00-E46C-4111-807A-B6C6738F076A}.Release|Any CPU.Build.0 = Release|Any CPU
		{6ADE6F00-E46C-4111-807A-B6C6738F076A}.Release|x64.ActiveCfg = Release|Any CPU
		{6ADE6F00-E46C-4111-807A-B6C6738F076A}.Release|x64.Build.0 = Release|Any CPU
	EndGlobalSection
	GlobalSection(SolutionProperties) = preSolution
		HideSolutionNode = FALSE
	EndGlobalSection
	GlobalSection(ExtensibilityGlobals) = postSolution
		SolutionGuid = {1CB9F0C9-5060-4C95-B8F9-3646830B33F1}
	EndGlobalSection
EndGlobal
